
Microsoft Visual Studio Solution File, Format Version 12.00
# Visual Studio Version 17
VisualStudioVersion = 17.6.33829.357
MinimumVisualStudioVersion = 10.0.40219.1
Project("{FAE04EC0-301F-11D3-BF4B-00C04F79EFBC}") = "Nsl_Core", "Nsl_Core\Nsl_Core.csproj", "{E4B7C4CE-07C8-4978-ACFF-CD642696BC60}"
EndProject
Global
	GlobalSection(SolutionConfigurationPlatforms) = preSolution
		Debug|Any CPU = Debug|Any CPU
		Release|Any CPU = Release|Any CPU
	EndGlobalSection
	GlobalSection(ProjectConfigurationPlatforms) = postSolution
		{E4B7C4CE-07C8-4978-ACFF-CD642696BC60}.Debug|Any CPU.ActiveCfg = Debug|Any CPU
		{E4B7C4CE-07C8-4978-ACFF-CD642696BC60}.Debug|Any CPU.Build.0 = Debug|Any CPU
		{E4B7C4CE-07C8-4978-ACFF-CD642696BC60}.Release|Any CPU.ActiveCfg = Release|Any CPU
		{E4B7C4CE-07C8-4978-ACFF-CD642696BC60}.Release|Any CPU.Build.0 = Release|Any CPU
	EndGlobalSection
	GlobalSection(SolutionProperties) = preSolution
		HideSolutionNode = FALSE
	EndGlobalSection
	GlobalSection(ExtensibilityGlobals) = postSolution
		SolutionGuid = {4999D91D-3E4A-4FC6-A01D-D311D1B69810}
	EndGlobalSection
EndGlobal
